
Microsoft Visual Studio Solution File, Format Version 12.00
# Visual Studio Version 16
VisualStudioVersion = 16.0.29009.5
MinimumVisualStudioVersion = 10.0.40219.1
Project("{FAE04EC0-301F-11D3-BF4B-00C04F79EFBC}") = "uFree.Android", "uFree\uFree.Android\uFree.Android.csproj", "{2A0A716B-1899-4BC8-8550-9F7D4ACC928D}"
EndProject
Project("{FAE04EC0-301F-11D3-BF4B-00C04F79EFBC}") = "uFree.iOS", "uFree\uFree.iOS\uFree.iOS.csproj", "{4065D184-8CC9-44F7-935D-A6DA1AC0704A}"
EndProject
Project("{FAE04EC0-301F-11D3-BF4B-00C04F79EFBC}") = "uFree", "uFree\uFree\uFree.csproj", "{FDEC0E85-E987-4065-9913-0D7A0E6D746E}"
EndProject
Global
	GlobalSection(SolutionConfigurationPlatforms) = preSolution
		Debug|Any CPU = Debug|Any CPU
		Debug|iPhone = Debug|iPhone
		Debug|iPhoneSimulator = Debug|iPhoneSimulator
		Release|Any CPU = Release|Any CPU
		Release|iPhone = Release|iPhone
		Release|iPhoneSimulator = Release|iPhoneSimulator
	EndGlobalSection
	GlobalSection(ProjectConfigurationPlatforms) = postSolution
		{2A0A716B-1899-4BC8-8550-9F7D4ACC928D}.Debug|Any CPU.ActiveCfg = Debug|Any CPU
		{2A0A716B-1899-4BC8-8550-9F7D4ACC928D}.Debug|Any CPU.Build.0 = Debug|Any CPU
		{2A0A716B-1899-4BC8-8550-9F7D4ACC928D}.Debug|Any CPU.Deploy.0 = Debug|Any CPU
		{2A0A716B-1899-4BC8-8550-9F7D4ACC928D}.Debug|iPhone.ActiveCfg = Debug|Any CPU
		{2A0A716B-1899-4BC8-8550-9F7D4ACC928D}.Debug|iPhone.Build.0 = Debug|Any CPU
		{2A0A716B-1899-4BC8-8550-9F7D4ACC928D}.Debug|iPhone.Deploy.0 = Debug|Any CPU
		{2A0A716B-1899-4BC8-8550-9F7D4ACC928D}.Debug|iPhoneSimulator.ActiveCfg = Debug|Any CPU
		{2A0A716B-1899-4BC8-8550-9F7D4ACC928D}.Debug|iPhoneSimulator.Build.0 = Debug|Any CPU
		{2A0A716B-1899-4BC8-8550-9F7D4ACC928D}.Debug|iPhoneSimulator.Deploy.0 = Debug|Any CPU
		{2A0A716B-1899-4BC8-8550-9F7D4ACC928D}.Release|Any CPU.ActiveCfg = Release|Any CPU
		{2A0A716B-1899-4BC8-8550-9F7D4ACC928D}.Release|Any CPU.Build.0 = Release|Any CPU
		{2A0A716B-1899-4BC8-8550-9F7D4ACC928D}.Release|Any CPU.Deploy.0 = Release|Any CPU
		{2A0A716B-1899-4BC8-8550-9F7D4ACC928D}.Release|iPhone.ActiveCfg = Release|Any CPU
		{2A0A716B-1899-4BC8-8550-9F7D4ACC928D}.Release|iPhone.Build.0 = Release|Any CPU
		{2A0A716B-1899-4BC8-8550-9F7D4ACC928D}.Release|iPhone.Deploy.0 = Release|Any CPU
		{2A0A716B-1899-4BC8-8550-9F7D4ACC928D}.Release|iPhoneSimulator.ActiveCfg = Release|Any CPU
		{2A0A716B-1899-4BC8-8550-9F7D4ACC928D}.Release|iPhoneSimulator.Build.0 = Release|Any CPU
		{2A0A716B-1899-4BC8-8550-9F7D4ACC928D}.Release|iPhoneSimulator.Deploy.0 = Release|Any CPU
		{4065D184-8CC9-44F7-935D-A6DA1AC0704A}.Debug|Any CPU.ActiveCfg = Debug|iPhoneSimulator
		{4065D184-8CC9-44F7-935D-A6DA1AC0704A}.Debug|Any CPU.Build.0 = Debug|iPhoneSimulator
		{4065D184-8CC9-44F7-935D-A6DA1AC0704A}.Debug|Any CPU.Deploy.0 = Debug|iPhoneSimulator
		{4065D184-8CC9-44F7-935D-A6DA1AC0704A}.Debug|iPhone.ActiveCfg = Debug|iPhone
		{4065D184-8CC9-44F7-935D-A6DA1AC0704A}.Debug|iPhone.Build.0 = Debug|iPhone
		{4065D184-8CC9-44F7-935D-A6DA1AC0704A}.Debug|iPhone.Deploy.0 = Debug|iPhone
		{4065D184-8CC9-44F7-935D-A6DA1AC0704A}.Debug|iPhoneSimulator.ActiveCfg = Debug|iPhoneSimulator
		{4065D184-8CC9-44F7-935D-A6DA1AC0704A}.Debug|iPhoneSimulator.Build.0 = Debug|iPhoneSimulator
		{4065D184-8CC9-44F7-935D-A6DA1AC0704A}.Debug|iPhoneSimulator.Deploy.0 = Debug|iPhoneSimulator
		{4065D184-8CC9-44F7-935D-A6DA1AC0704A}.Release|Any CPU.ActiveCfg = Release|iPhone
		{4065D184-8CC9-44F7-935D-A6DA1AC0704A}.Release|Any CPU.Build.0 = Release|iPhone
		{4065D184-8CC9-44F7-935D-A6DA1AC0704A}.Release|Any CPU.Deploy.0 = Release|iPhone
		{4065D184-8CC9-44F7-935D-A6DA1AC0704A}.Release|iPhone.ActiveCfg = Release|iPhone
		{4065D184-8CC9-44F7-935D-A6DA1AC0704A}.Release|iPhone.Build.0 = Release|iPhone
		{4065D184-8CC9-44F7-935D-A6DA1AC0704A}.Release|iPhone.Deploy.0 = Release|iPhone
		{4065D184-8CC9-44F7-935D-A6DA1AC0704A}.Release|iPhoneSimulator.ActiveCfg = Release|iPhoneSimulator
		{4065D184-8CC9-44F7-935D-A6DA1AC0704A}.Release|iPhoneSimulator.Build.0 = Release|iPhoneSimulator
		{4065D184-8CC9-44F7-935D-A6DA1AC0704A}.Release|iPhoneSimulator.Deploy.0 = Release|iPhoneSimulator
		{FDEC0E85-E987-4065-9913-0D7A0E6D746E}.Debug|Any CPU.ActiveCfg = Debug|Any CPU
		{FDEC0E85-E987-4065-9913-0D7A0E6D746E}.Debug|Any CPU.Build.0 = Debug|Any CPU
		{FDEC0E85-E987-4065-9913-0D7A0E6D746E}.Debug|Any CPU.Deploy.0 = Debug|Any CPU
		{FDEC0E85-E987-4065-9913-0D7A0E6D746E}.Debug|iPhone.ActiveCfg = Debug|Any CPU
		{FDEC0E85-E987-4065-9913-0D7A0E6D746E}.Debug|iPhone.Build.0 = Debug|Any CPU
		{FDEC0E85-E987-4065-9913-0D7A0E6D746E}.Debug|iPhone.Deploy.0 = Debug|Any CPU
		{FDEC0E85-E987-4065-9913-0D7A0E6D746E}.Debug|iPhoneSimulator.ActiveCfg = Debug|Any CPU
		{FDEC0E85-E987-4065-9913-0D7A0E6D746E}.Debug|iPhoneSimulator.Build.0 = Debug|Any CPU
		{FDEC0E85-E987-4065-9913-0D7A0E6D746E}.Debug|iPhoneSimulator.Deploy.0 = Debug|Any CPU
		{FDEC0E85-E987-4065-9913-0D7A0E6D746E}.Release|Any CPU.ActiveCfg = Release|Any CPU
		{FDEC0E85-E987-4065-9913-0D7A0E6D746E}.Release|Any CPU.Build.0 = Release|Any CPU
		{FDEC0E85-E987-4065-9913-0D7A0E6D746E}.Release|Any CPU.Deploy.0 = Release|Any CPU
		{FDEC0E85-E987-4065-9913-0D7A0E6D746E}.Release|iPhone.ActiveCfg = Release|Any CPU
		{FDEC0E85-E987-4065-9913-0D7A0E6D746E}.Release|iPhone.Build.0 = Release|Any CPU
		{FDEC0E85-E987-4065-9913-0D7A0E6D746E}.Release|iPhone.Deploy.0 = Release|Any CPU
		{FDEC0E85-E987-4065-9913-0D7A0E6D746E}.Release|iPhoneSimulator.ActiveCfg = Release|Any CPU
		{FDEC0E85-E987-4065-9913-0D7A0E6D746E}.Release|iPhoneSimulator.Build.0 = Release|Any CPU
		{FDEC0E85-E987-4065-9913-0D7A0E6D746E}.Release|iPhoneSimulator.Deploy.0 = Release|Any CPU
	EndGlobalSection
	GlobalSection(SolutionProperties) = preSolution
		HideSolutionNode = FALSE
	EndGlobalSection
	GlobalSection(ExtensibilityGlobals) = postSolution
		SolutionGuid = {4216A665-507C-4BED-BC19-453AF374DB1D}
	EndGlobalSection
EndGlobal
